// !$*UTF8*$!
{
	archiveVersion = 1;
	classes = {
	};
	objectVersion = 56;
	objects = {

/* Begin PBXBuildFile section */
		83A5C9902B27D8A700D4A59A /* ApinChatApp.swift in Sources */ = {isa = PBXBuildFile; fileRef = 83A5C98F2B27D8A700D4A59A /* ApinChatApp.swift */; };
		83A5C9922B27D8A700D4A59A /* ContentView.swift in Sources */ = {isa = PBXBuildFile; fileRef = 83A5C9912B27D8A700D4A59A /* ContentView.swift */; };
		83A5C9942B27D8A900D4A59A /* Assets.xcassets in Sources */ = {isa = PBXBuildFile; fileRef = 83A5C9932B27D8A900D4A59A /* Assets.xcassets */; };
		83A5C9972B27D8A900D4A59A /* Preview Assets.xcassets in Resources */ = {isa = PBXBuildFile; fileRef = 83A5C9962B27D8A900D4A59A /* Preview Assets.xcassets */; };
		83A5C99F2B27D92900D4A59A /* ChatModels.swift in Sources */ = {isa = PBXBuildFile; fileRef = 83A5C99E2B27D92900D4A59A /* ChatModels.swift */; };
		83A5C9A22B27D95100D4A59A /* ChatStore.swift in Sources */ = {isa = PBXBuildFile; fileRef = 83A5C9A12B27D95100D4A59A /* ChatStore.swift */; };
		83A5C9A52B27D98F00D4A59A /* AIModelHandler.swift in Sources */ = {isa = PBXBuildFile; fileRef = 83A5C9A42B27D98F00D4A59A /* AIModelHandler.swift */; };
		83A5C9A72B27D9AD00D4A59A /* StorageManager.swift in Sources */ = {isa = PBXBuildFile; fileRef = 83A5C9A62B27D9AD00D4A59A /* StorageManager.swift */; };
		83A5C9AA2B27D9E300D4A59A /* ThemeManager.swift in Sources */ = {isa = PBXBuildFile; fileRef = 83A5C9A92B27D9E300D4A59A /* ThemeManager.swift */; };
		83A5C9AC2B27DA0B00D4A59A /* ChatView.swift in Sources */ = {isa = PBXBuildFile; fileRef = 83A5C9AB2B27DA0B00D4A59A /* ChatView.swift */; };
		83A5C9AE2B27DA3300D4A59A /* SidebarView.swift in Sources */ = {isa = PBXBuildFile; fileRef = 83A5C9AD2B27DA3300D4A59A /* SidebarView.swift */; };
		83A5C9B02B27DA5500D4A59A /* SettingsView.swift in Sources */ = {isa = PBXBuildFile; fileRef = 83A5C9AF2B27DA5500D4A59A /* SettingsView.swift */; };
/* End PBXBuildFile section */

/* Begin PBXFileReference section */
		83A5C98C2B27D8A700D4A59A /* ApinChat.app */ = {isa = PBXFileReference; explicitFileType = wrapper.application; includeInIndex = 0; path = ApinChat.app; sourceTree = BUILT_PRODUCTS_DIR; };
		83A5C98F2B27D8A700D4A59A /* ApinChatApp.swift */ = {isa = PBXFileReference; lastKnownFileType = sourcecode.swift; path = ApinChatApp.swift; sourceTree = "<group>"; };
		83A5C9912B27D8A700D4A59A /* ContentView.swift */ = {isa = PBXFileReference; lastKnownFileType = sourcecode.swift; path = ContentView.swift; sourceTree = "<group>"; };
		83A5C9932B27D8A900D4A59A /* Assets.xcassets */ = {isa = PBXFileReference; lastKnownFileType = folder.assetcatalog; path = Assets.xcassets; sourceTree = "<group>"; };
		83A5C9962B27D8A900D4A59A /* Preview Assets.xcassets */ = {isa = PBXFileReference; lastKnownFileType = folder.assetcatalog; path = "Preview Assets.xcassets"; sourceTree = "<group>"; };
		83A5C99E2B27D92900D4A59A /* ChatModels.swift */ = {isa = PBXFileReference; lastKnownFileType = sourcecode.swift; path = ChatModels.swift; sourceTree = "<group>"; };
		83A5C9A12B27D95100D4A59A /* ChatStore.swift */ = {isa = PBXFileReference; lastKnownFileType = sourcecode.swift; path = ChatStore.swift; sourceTree = "<group>"; };
		83A5C9A42B27D98F00D4A59A /* AIModelHandler.swift */ = {isa = PBXFileReference; lastKnownFileType = sourcecode.swift; path = AIModelHandler.swift; sourceTree = "<group>"; };
		83A5C9A62B27D9AD00D4A59A /* StorageManager.swift */ = {isa = PBXFileReference; lastKnownFileType = sourcecode.swift; path = StorageManager.swift; sourceTree = "<group>"; };
		83A5C9A92B27D9E300D4A59A /* ThemeManager.swift */ = {isa = PBXFileReference; lastKnownFileType = sourcecode.swift; path = ThemeManager.swift; sourceTree = "<group>"; };
		83A5C9AB2B27DA0B00D4A59A /* ChatView.swift */ = {isa = PBXFileReference; lastKnownFileType = sourcecode.swift; path = ChatView.swift; sourceTree = "<group>"; };
		83A5C9AD2B27DA3300D4A59A /* SidebarView.swift */ = {isa = PBXFileReference; lastKnownFileType = sourcecode.swift; path = SidebarView.swift; sourceTree = "<group>"; };
		83A5C9AF2B27DA5500D4A59A /* SettingsView.swift */ = {isa = PBXFileReference; lastKnownFileType = sourcecode.swift; path = SettingsView.swift; sourceTree = "<group>"; };
		83A5C9B12B27DCA100D4A59A /* Info.plist */ = {isa = PBXFileReference; lastKnownFileType = text.plist; path = Info.plist; sourceTree = "<group>"; };
/* End PBXFileReference section */

/* Begin PBXFrameworksBuildPhase section */
		83A5C9892B27D8A700D4A59A /* Frameworks */ = {
			isa = PBXFrameworksBuildPhase;
			buildActionMask = 2147483647;
			files = (
			);
			runOnlyForDeploymentPostprocessing = 0;
		};
/* End PBXFrameworksBuildPhase section */

/* Begin PBXGroup section */
		83A5C9832B27D8A700D4A59A = {
			isa = PBXGroup;
			children = (
				83A5C98E2B27D8A700D4A59A /* ApinChat */,
				83A5C98D2B27D8A700D4A59A /* Products */,
			);
			sourceTree = "<group>";
		};
		83A5C98D2B27D8A700D4A59A /* Products */ = {
			isa = PBXGroup;
			children = (
				83A5C98C2B27D8A700D4A59A /* ApinChat.app */,
			);
			name = Products;
			sourceTree = "<group>";
		};
		83A5C98E2B27D8A700D4A59A /* ApinChat */ = {
			isa = PBXGroup;
			children = (
				83A5C9B12B27DCA100D4A59A /* Info.plist */,
				83A5C98F2B27D8A700D4A59A /* ApinChatApp.swift */,
				83A5C99D2B27D91B00D4A59A /* Models */,
				83A5C9A02B27D94200D4A59A /* ViewModels */,
				83A5C9A32B27D97700D4A59A /* Services */,
				83A5C9A82B27D9CD00D4A59A /* UI */,
				83A5C9932B27D8A900D4A59A /* Assets.xcassets */,
				83A5C9952B27D8A900D4A59A /* Preview Content */,
			);
			path = ApinChat;
			sourceTree = "<group>";
		};
		83A5C9952B27D8A900D4A59A /* Preview Content */ = {
			isa = PBXGroup;
			children = (
				83A5C9962B27D8A900D4A59A /* Preview Assets.xcassets */,
			);
			path = "Preview Content";
			sourceTree = "<group>";
		};
		83A5C99D2B27D91B00D4A59A /* Models */ = {
			isa = PBXGroup;
			children = (
				83A5C99E2B27D92900D4A59A /* ChatModels.swift */,
			);
			path = Models;
			sourceTree = "<group>";
		};
		83A5C9A02B27D94200D4A59A /* ViewModels */ = {
			isa = PBXGroup;
			children = (
				83A5C9A12B27D95100D4A59A /* ChatStore.swift */,
			);
			path = ViewModels;
			sourceTree = "<group>";
		};
		83A5C9A32B27D97700D4A59A /* Services */ = {
			isa = PBXGroup;
			children = (
				83A5C9A42B27D98F00D4A59A /* AIModelHandler.swift */,
				83A5C9A62B27D9AD00D4A59A /* StorageManager.swift */,
			);
			path = Services;
			sourceTree = "<group>";
		};
		83A5C9A82B27D9CD00D4A59A /* UI */ = {
			isa = PBXGroup;
			children = (
				83A5C9912B27D8A700D4A59A /* ContentView.swift */,
				83A5C9A92B27D9E300D4A59A /* ThemeManager.swift */,
				83A5C9AB2B27DA0B00D4A59A /* ChatView.swift */,
				83A5C9AD2B27DA3300D4A59A /* SidebarView.swift */,
				83A5C9AF2B27DA5500D4A59A /* SettingsView.swift */,
			);
			path = UI;
			sourceTree = "<group>";
		};
/* End PBXGroup section */

/* Begin PBXNativeTarget section */
		83A5C98B2B27D8A700D4A59A /* ApinChat */ = {
			isa = PBXNativeTarget;
			buildConfigurationList = 83A5C99A2B27D8A900D4A59A /* Build configuration list for PBXNativeTarget "ApinChat" */;
			buildPhases = (
				83A5C9882B27D8A700D4A59A /* Sources */,
				83A5C9892B27D8A700D4A59A /* Frameworks */,
				83A5C98A2B27D8A700D4A59A /* Resources */,
			);
			buildRules = (
			);
			dependencies = (
			);
			name = ApinChat;
			productName = ApinChat;
			productReference = 83A5C98C2B27D8A700D4A59A /* ApinChat.app */;
			productType = "com.apple.product-type.application";
		};
/* End PBXNativeTarget section */

/* Begin PBXProject section */
		83A5C9842B27D8A700D4A59A /* Project object */ = {
			isa = PBXProject;
			attributes = {
				BuildIndependentTargetsInParallel = 1;
				LastSwiftUpdateCheck = 1500;
				LastUpgradeCheck = 1500;
				TargetAttributes = {
					83A5C98B2B27D8A700D4A59A = {
						CreatedOnToolsVersion = 15.0;
					};
				};
			};
			buildConfigurationList = 83A5C9872B27D8A700D4A59A /* Build configuration list for PBXProject "ApinChat" */;
			compatibilityVersion = "Xcode 14.0";
			developmentRegion = en;
			hasScannedForEncodings = 0;
			knownRegions = (
				en,
				Base,
			);
			mainGroup = 83A5C9832B27D8A700D4A59A;
			productRefGroup = 83A5C98D2B27D8A700D4A59A /* Products */;
			projectDirPath = "";
			projectRoot = "";
			targets = (
				83A5C98B2B27D8A700D4A59A /* ApinChat */,
			);
		};
/* End PBXProject section */

/* Begin PBXResourcesBuildPhase section */
		83A5C98A2B27D8A700D4A59A /* Resources */ = {
			isa = PBXResourcesBuildPhase;
			buildActionMask = 2147483647;
			files = (
				83A5C9972B27D8A900D4A59A /* Preview Assets.xcassets in Resources */,
				83A5C9942B27D8A900D4A59A /* Assets.xcassets in Resources */,
			);
			runOnlyForDeploymentPostprocessing = 0;
		};
/* End PBXResourcesBuildPhase section */

/* Begin PBXSourcesBuildPhase section */
		83A5C9882B27D8A700D4A59A /* Sources */ = {
			isa = PBXSourcesBuildPhase;
			buildActionMask = 2147483647;
			files = (
				83A5C9A22B27D95100D4A59A /* ChatStore.swift in Sources */,
				83A5C9922B27D8A700D4A59A /* ContentView.swift in Sources */,
				83A5C9A72B27D9AD00D4A59A /* StorageManager.swift in Sources */,
				83A5C9AE2B27DA3300D4A59A /* SidebarView.swift in Sources */,
				83A5C99F2B27D92900D4A59A /* ChatModels.swift in Sources */,
				83A5C9AA2B27D9E300D4A59A /* ThemeManager.swift in Sources */,
				83A5C9A52B27D98F00D4A59A /* AIModelHandler.swift in Sources */,
				83A5C9AC2B27DA0B00D4A59A /* ChatView.swift in Sources */,
				83A5C9902B27D8A700D4A59A /* ApinChatApp.swift in Sources */,
				83A5C9B02B27DA5500D4A59A /* SettingsView.swift in Sources */,
			);
			runOnlyForDeploymentPostprocessing = 0;
		};
/* End PBXSourcesBuildPhase section */

/* Begin XCBuildConfiguration section */
		83A5C9982B27D8A900D4A59A /* Debug */ = {
			isa = XCBuildConfiguration;
			buildSettings = {
				ALWAYS_SEARCH_USER_PATHS = NO;
				ASSETCATALOG_COMPILER_GENERATE_SWIFT_ASSET_SYMBOL_EXTENSIONS = YES;
				CLANG_ANALYZER_NONNULL = YES;
				CLANG_ANALYZER_NUMBER_OBJECT_CONVERSION = YES_AGGRESSIVE;
				CLANG_CXX_LANGUAGE_STANDARD = "gnu++20";
				CLANG_ENABLE_MODULES = YES;
				CLANG_ENABLE_OBJC_ARC = YES;
				CLANG_ENABLE_OBJC_WEAK = YES;
				CLANG_WARN_BLOCK_CAPTURE_AUTORELEASING = YES;
				CLANG_WARN_BOOL_CONVERSION = YES;
				CLANG_WARN_COMMA = YES;
				CLANG_WARN_CONSTANT_CONVERSION = YES;
				CLANG_WARN_DEPRECATED_OBJC_IMPLEMENTATIONS = YES;
				CLANG_WARN_DIRECT_OBJC_ISA_USAGE = YES_ERROR;
				CLANG_WARN_DOCUMENTATION_COMMENTS = YES;
				CLANG_WARN_EMPTY_BODY = YES;
				CLANG_WARN_ENUM_CONVERSION = YES;
				CLANG_WARN_INFINITE_RECURSION = YES;
				CLANG_WARN_INT_CONVERSION = YES;
				CLANG_WARN_NON_LITERAL_NULL_CONVERSION = YES;
				CLANG_WARN_OBJC_IMPLICIT_RETAIN_SELF = YES;
				CLANG_WARN_OBJC_LITERAL_CONVERSION = YES;
				CLANG_WARN_OBJC_ROOT_CLASS = YES_ERROR;
				CLANG_WARN_QUOTED_INCLUDE_IN_FRAMEWORK_HEADER = YES;
				CLANG_WARN_RANGE_LOOP_ANALYSIS = YES;
				CLANG_WARN_STRICT_PROTOTYPES = YES;
				CLANG_WARN_SUSPICIOUS_MOVE = YES;
				CLANG_WARN_UNGUARDED_AVAILABILITY = YES_AGGRESSIVE;
				CLANG_WARN_UNREACHABLE_CODE = YES;
				CLANG_WARN__DUPLICATE_METHOD_MATCH = YES;
				COPY_PHASE_STRIP = NO;
				DEBUG_INFORMATION_FORMAT = dwarf;
				ENABLE_STRICT_OBJC_MSGSEND = YES;
				ENABLE_TESTABILITY = YES;
				ENABLE_USER_SCRIPT_SANDBOXING = YES;
				GCC_C_LANGUAGE_STANDARD = gnu17;
				GCC_DYNAMIC_NO_PIC = NO;
				GCC_NO_COMMON_BLOCKS = YES;
				GCC_OPTIMIZATION_LEVEL = 0;
				GCC_PREPROCESSOR_DEFINITIONS = (
					"DEBUG=1",
					"$(inherited)",
				);
				GCC_WARN_64_TO_32_BIT_CONVERSION = YES;
				GCC_WARN_ABOUT_RETURN_TYPE = YES_ERROR;
				GCC_WARN_UNDECLARED_SELECTOR = YES;
				GCC_WARN_UNINITIALIZED_AUTOS = YES_AGGRESSIVE;
				GCC_WARN_UNUSED_FUNCTION = YES;
				GCC_WARN_UNUSED_VARIABLE = YES;
				IPHONEOS_DEPLOYMENT_TARGET = 26.0;
				LOCALIZATION_PREFERS_STRING_CATALOGS = YES;
				MTL_ENABLE_DEBUG_INFO = INCLUDE_SOURCE;
				MTL_FAST_MATH = YES;
				ONLY_ACTIVE_ARCH = YES;
				SDKROOT = iphoneos;
				SWIFT_ACTIVE_COMPILATION_CONDITIONS = "DEBUG $(inherited)";
				SWIFT_OPTIMIZATION_LEVEL = "-Onone";
			};
			name = Debug;
		};
		83A5C